
Microsoft Visual Studio Solution File, Format Version 12.00
# Visual Studio Version 17
VisualStudioVersion = 17.14.36408.4 d17.14
MinimumVisualStudioVersion = 10.0.40219.1
Project("{FAE04EC0-301F-11D3-BF4B-00C04F79EFBC}") = "CharlieDobson_FirstPlayable_Programming1", "CharlieDobson_FirstPlayable_Programming1\CharlieDobson_FirstPlayable_Programming1.csproj", "{C21D0014-4C8E-4B99-BE2A-006E7ECB1D3C}"
EndProject
Global
	GlobalSection(SolutionConfigurationPlatforms) = preSolution
		Debug|Any CPU = Debug|Any CPU
		Release|Any CPU = Release|Any CPU
	EndGlobalSection
	GlobalSection(ProjectConfigurationPlatforms) = postSolution
		{C21D0014-4C8E-4B99-BE2A-006E7ECB1D3C}.Debug|Any CPU.ActiveCfg = Debug|Any CPU
		{C21D0014-4C8E-4B99-BE2A-006E7ECB1D3C}.Debug|Any CPU.Build.0 = Debug|Any CPU
		{C21D0014-4C8E-4B99-BE2A-006E7ECB1D3C}.Release|Any CPU.ActiveCfg = Release|Any CPU
		{C21D0014-4C8E-4B99-BE2A-006E7ECB1D3C}.Release|Any CPU.Build.0 = Release|Any CPU
	EndGlobalSection
	GlobalSection(SolutionProperties) = preSolution
		HideSolutionNode = FALSE
	EndGlobalSection
	GlobalSection(ExtensibilityGlobals) = postSolution
		SolutionGuid = {C54E36E8-A683-4D1A-AC39-953540B30ADE}
	EndGlobalSection
EndGlobal
